
Microsoft Visual Studio Solution File, Format Version 12.00
# Visual Studio Version 17
VisualStudioVersion = 17.0.31903.59
MinimumVisualStudioVersion = 10.0.40219.1
Project("{2150E333-8FDC-42A3-9474-1A3956D46DE8}") = "src", "src", "{827E0CD3-B72D-47B6-A68D-7590B98EB39B}"
EndProject
Project("{FAE04EC0-301F-11D3-BF4B-00C04F79EFBC}") = "PubDevMcp.Domain", "src\PubDevMcp.Domain\PubDevMcp.Domain.csproj", "{455A231A-1941-4B00-88D7-3B03B92AB567}"
EndProject
Project("{FAE04EC0-301F-11D3-BF4B-00C04F79EFBC}") = "PubDevMcp.Application", "src\PubDevMcp.Application\PubDevMcp.Application.csproj", "{EDB17465-B8B2-4065-B756-97C65A5811E2}"
EndProject
Project("{FAE04EC0-301F-11D3-BF4B-00C04F79EFBC}") = "PubDevMcp.Infrastructure", "src\PubDevMcp.Infrastructure\PubDevMcp.Infrastructure.csproj", "{69B4139D-AC1D-484B-8BCC-6EA2CB97550B}"
EndProject
Project("{FAE04EC0-301F-11D3-BF4B-00C04F79EFBC}") = "PubDevMcp.Server", "src\PubDevMcp.Server\PubDevMcp.Server.csproj", "{3FA58397-422C-4EF9-B877-18797AB2B0A6}"
EndProject
Project("{2150E333-8FDC-42A3-9474-1A3956D46DE8}") = "tests", "tests", "{0AB3BF05-4346-4AA6-1389-037BE0695223}"
EndProject
Project("{2150E333-8FDC-42A3-9474-1A3956D46DE8}") = "contract", "contract", "{53506FF3-1087-91DB-5731-19A6F3C92276}"
EndProject
Project("{FAE04EC0-301F-11D3-BF4B-00C04F79EFBC}") = "PubDevMcp.Tests.Contract", "tests\contract\PubDevMcp.Tests.Contract.csproj", "{8A33E53B-659C-4A36-B515-E52E4C659048}"
EndProject
Project("{FAE04EC0-301F-11D3-BF4B-00C04F79EFBC}") = "PubDevMcp.Tests.Integration", "tests\integration\PubDevMcp.Tests.Integration.csproj", "{36397C87-55D1-42ED-A864-6D7E9637AC53}"
EndProject
Project("{FAE04EC0-301F-11D3-BF4B-00C04F79EFBC}") = "PubDevMcp.Tests.Compliance", "tests\compliance\PubDevMcp.Tests.Compliance.csproj", "{892B202A-14F0-4295-9910-8CFB68B4F2BC}"
EndProject
Project("{FAE04EC0-301F-11D3-BF4B-00C04F79EFBC}") = "PubDevMcp.Tests.Performance", "tests\performance\PubDevMcp.Tests.Performance.csproj", "{C0000BD5-E7DF-4594-95D4-7951905D00AD}"
EndProject
Global
	GlobalSection(SolutionConfigurationPlatforms) = preSolution
		Debug|Any CPU = Debug|Any CPU
		Debug|x64 = Debug|x64
		Debug|x86 = Debug|x86
		Release|Any CPU = Release|Any CPU
		Release|x64 = Release|x64
		Release|x86 = Release|x86
	EndGlobalSection
	GlobalSection(ProjectConfigurationPlatforms) = postSolution
		{455A231A-1941-4B00-88D7-3B03B92AB567}.Debug|Any CPU.ActiveCfg = Debug|Any CPU
		{455A231A-1941-4B00-88D7-3B03B92AB567}.Debug|Any CPU.Build.0 = Debug|Any CPU
		{455A231A-1941-4B00-88D7-3B03B92AB567}.Debug|x64.ActiveCfg = Debug|Any CPU
		{455A231A-1941-4B00-88D7-3B03B92AB567}.Debug|x64.Build.0 = Debug|Any CPU
		{455A231A-1941-4B00-88D7-3B03B92AB567}.Debug|x86.ActiveCfg = Debug|Any CPU
		{455A231A-1941-4B00-88D7-3B03B92AB567}.Debug|x86.Build.0 = Debug|Any CPU
		{455A231A-1941-4B00-88D7-3B03B92AB567}.Release|Any CPU.ActiveCfg = Release|Any CPU
		{455A231A-1941-4B00-88D7-3B03B92AB567}.Release|Any CPU.Build.0 = Release|Any CPU
		{455A231A-1941-4B00-88D7-3B03B92AB567}.Release|x64.ActiveCfg = Release|Any CPU
		{455A231A-1941-4B00-88D7-3B03B92AB567}.Release|x64.Build.0 = Release|Any CPU
		{455A231A-1941-4B00-88D7-3B03B92AB567}.Release|x86.ActiveCfg = Release|Any CPU
		{455A231A-1941-4B00-88D7-3B03B92AB567}.Release|x86.Build.0 = Release|Any CPU
		{EDB17465-B8B2-4065-B756-97C65A5811E2}.Debug|Any CPU.ActiveCfg = Debug|Any CPU
		{EDB17465-B8B2-4065-B756-97C65A5811E2}.Debug|Any CPU.Build.0 = Debug|Any CPU
		{EDB17465-B8B2-4065-B756-97C65A5811E2}.Debug|x64.ActiveCfg = Debug|Any CPU
		{EDB17465-B8B2-4065-B756-97C65A5811E2}.Debug|x64.Build.0 = Debug|Any CPU
		{EDB17465-B8B2-4065-B756-97C65A5811E2}.Debug|x86.ActiveCfg = Debug|Any CPU
		{EDB17465-B8B2-4065-B756-97C65A5811E2}.Debug|x86.Build.0 = Debug|Any CPU
		{EDB17465-B8B2-4065-B756-97C65A5811E2}.Release|Any CPU.ActiveCfg = Release|Any CPU
		{EDB17465-B8B2-4065-B756-97C65A5811E2}.Release|Any CPU.Build.0 = Release|Any CPU
		{EDB17465-B8B2-4065-B756-97C65A5811E2}.Release|x64.ActiveCfg = Release|Any CPU
		{EDB17465-B8B2-4065-B756-97C65A5811E2}.Release|x64.Build.0 = Release|Any CPU
		{EDB17465-B8B2-4065-B756-97C65A5811E2}.Release|x86.ActiveCfg = Release|Any CPU
		{EDB17465-B8B2-4065-B756-97C65A5811E2}.Release|x86.Build.0 = Release|Any CPU
		{69B4139D-AC1D-484B-8BCC-6EA2CB97550B}.Debug|Any CPU.ActiveCfg = Debug|Any CPU
		{69B4139D-AC1D-484B-8BCC-6EA2CB97550B}.Debug|Any CPU.Build.0 = Debug|Any CPU
		{69B4139D-AC1D-484B-8BCC-6EA2CB97550B}.Debug|x64.ActiveCfg = Debug|Any CPU
		{69B4139D-AC1D-484B-8BCC-6EA2CB97550B}.Debug|x64.Build.0 = Debug|Any CPU
		{69B4139D-AC1D-484B-8BCC-6EA2CB97550B}.Debug|x86.ActiveCfg = Debug|Any CPU
		{69B4139D-AC1D-484B-8BCC-6EA2CB97550B}.Debug|x86.Build.0 = Debug|Any CPU
		{69B4139D-AC1D-484B-8BCC-6EA2CB97550B}.Release|Any CPU.ActiveCfg = Release|Any CPU
		{69B4139D-AC1D-484B-8BCC-6EA2CB97550B}.Release|Any CPU.Build.0 = Release|Any CPU
		{69B4139D-AC1D-484B-8BCC-6EA2CB97550B}.Release|x64.ActiveCfg = Release|Any CPU
		{69B4139D-AC1D-484B-8BCC-6EA2CB97550B}.Release|x64.Build.0 = Release|Any CPU
		{69B4139D-AC1D-484B-8BCC-6EA2CB97550B}.Release|x86.ActiveCfg = Release|Any CPU
		{69B4139D-AC1D-484B-8BCC-6EA2CB97550B}.Release|x86.Build.0 = Release|Any CPU
		{3FA58397-422C-4EF9-B877-18797AB2B0A6}.Debug|Any CPU.ActiveCfg = Debug|Any CPU
		{3FA58397-422C-4EF9-B877-18797AB2B0A6}.Debug|Any CPU.Build.0 = Debug|Any CPU
		{3FA58397-422C-4EF9-B877-18797AB2B0A6}.Debug|x64.ActiveCfg = Debug|Any CPU
		{3FA58397-422C-4EF9-B877-18797AB2B0A6}.Debug|x64.Build.0 = Debug|Any CPU
		{3FA58397-422C-4EF9-B877-18797AB2B0A6}.Debug|x86.ActiveCfg = Debug|Any CPU
		{3FA58397-422C-4EF9-B877-18797AB2B0A6}.Debug|x86.Build.0 = Debug|Any CPU
		{3FA58397-422C-4EF9-B877-18797AB2B0A6}.Release|Any CPU.ActiveCfg = Release|Any CPU
		{3FA58397-422C-4EF9-B877-18797AB2B0A6}.Release|Any CPU.Build.0 = Release|Any CPU
		{3FA58397-422C-4EF9-B877-18797AB2B0A6}.Release|x64.ActiveCfg = Release|Any CPU
		{3FA58397-422C-4EF9-B877-18797AB2B0A6}.Release|x64.Build.0 = Release|Any CPU
		{3FA58397-422C-4EF9-B877-18797AB2B0A6}.Release|x86.ActiveCfg = Release|Any CPU
		{3FA58397-422C-4EF9-B877-18797AB2B0A6}.Release|x86.Build.0 = Release|Any CPU
		{8A33E53B-659C-4A36-B515-E52E4C659048}.Debug|Any CPU.ActiveCfg = Debug|Any CPU
		{8A33E53B-659C-4A36-B515-E52E4C659048}.Debug|Any CPU.Build.0 = Debug|Any CPU
		{8A33E53B-659C-4A36-B515-E52E4C659048}.Debug|x64.ActiveCfg = Debug|Any CPU
		{8A33E53B-659C-4A36-B515-E52E4C659048}.Debug|x64.Build.0 = Debug|Any CPU
		{8A33E53B-659C-4A36-B515-E52E4C659048}.Debug|x86.ActiveCfg = Debug|Any CPU
		{8A33E53B-659C-4A36-B515-E52E4C659048}.Debug|x86.Build.0 = Debug|Any CPU
		{8A33E53B-659C-4A36-B515-E52E4C659048}.Release|Any CPU.ActiveCfg = Release|Any CPU
		{8A33E53B-659C-4A36-B515-E52E4C659048}.Release|Any CPU.Build.0 = Release|Any CPU
		{8A33E53B-659C-4A36-B515-E52E4C659048}.Release|x64.ActiveCfg = Release|Any CPU
		{8A33E53B-659C-4A36-B515-E52E4C659048}.Release|x64.Build.0 = Release|Any CPU
		{8A33E53B-659C-4A36-B515-E52E4C659048}.Release|x86.ActiveCfg = Release|Any CPU
		{8A33E53B-659C-4A36-B515-E52E4C659048}.Release|x86.Build.0 = Release|Any CPU
		{36397C87-55D1-42ED-A864-6D7E9637AC53}.Debug|Any CPU.ActiveCfg = Debug|Any CPU
		{36397C87-55D1-42ED-A864-6D7E9637AC53}.Debug|Any CPU.Build.0 = Debug|Any CPU
		{36397C87-55D1-42ED-A864-6D7E9637AC53}.Debug|x64.ActiveCfg = Debug|Any CPU
		{36397C87-55D1-42ED-A864-6D7E9637AC53}.Debug|x64.Build.0 = Debug|Any CPU
		{36397C87-55D1-42ED-A864-6D7E9637AC53}.Debug|x86.ActiveCfg = Debug|Any CPU
		{36397C87-55D1-42ED-A864-6D7E9637AC53}.Debug|x86.Build.0 = Debug|Any CPU
		{36397C87-55D1-42ED-A864-6D7E9637AC53}.Release|Any CPU.ActiveCfg = Release|Any CPU
		{36397C87-55D1-42ED-A864-6D7E9637AC53}.Release|Any CPU.Build.0 = Release|Any CPU
		{36397C87-55D1-42ED-A864-6D7E9637AC53}.Release|x64.ActiveCfg = Release|Any CPU
		{36397C87-55D1-42ED-A864-6D7E9637AC53}.Release|x64.Build.0 = Release|Any CPU
		{36397C87-55D1-42ED-A864-6D7E9637AC53}.Release|x86.ActiveCfg = Release|Any CPU
		{36397C87-55D1-42ED-A864-6D7E9637AC53}.Release|x86.Build.0 = Release|Any CPU
		{892B202A-14F0-4295-9910-8CFB68B4F2BC}.Debug|Any CPU.ActiveCfg = Debug|Any CPU
		{892B202A-14F0-4295-9910-8CFB68B4F2BC}.Debug|Any CPU.Build.0 = Debug|Any CPU
		{892B202A-14F0-4295-9910-8CFB68B4F2BC}.Debug|x64.ActiveCfg = Debug|Any CPU
		{892B202A-14F0-4295-9910-8CFB68B4F2BC}.Debug|x64.Build.0 = Debug|Any CPU
		{892B202A-14F0-4295-9910-8CFB68B4F2BC}.Debug|x86.ActiveCfg = Debug|Any CPU
		{892B202A-14F0-4295-9910-8CFB68B4F2BC}.Debug|x86.Build.0 = Debug|Any CPU
		{892B202A-14F0-4295-9910-8CFB68B4F2BC}.Release|Any CPU.ActiveCfg = Release|Any CPU
		{892B202A-14F0-4295-9910-8CFB68B4F2BC}.Release|Any CPU.Build.0 = Release|Any CPU
		{892B202A-14F0-4295-9910-8CFB68B4F2BC}.Release|x64.ActiveCfg = Release|Any CPU
		{892B202A-14F0-4295-9910-8CFB68B4F2BC}.Release|x64.Build.0 = Release|Any CPU
		{892B202A-14F0-4295-9910-8CFB68B4F2BC}.Release|x86.ActiveCfg = Release|Any CPU
		{892B202A-14F0-4295-9910-8CFB68B4F2BC}.Release|x86.Build.0 = Release|Any CPU
		{C0000BD5-E7DF-4594-95D4-7951905D00AD}.Debug|Any CPU.ActiveCfg = Debug|Any CPU
		{C0000BD5-E7DF-4594-95D4-7951905D00AD}.Debug|Any CPU.Build.0 = Debug|Any CPU
		{C0000BD5-E7DF-4594-95D4-7951905D00AD}.Debug|x64.ActiveCfg = Debug|Any CPU
		{C0000BD5-E7DF-4594-95D4-7951905D00AD}.Debug|x64.Build.0 = Debug|Any CPU
		{C0000BD5-E7DF-4594-95D4-7951905D00AD}.Debug|x86.ActiveCfg = Debug|Any CPU
		{C0000BD5-E7DF-4594-95D4-7951905D00AD}.Debug|x86.Build.0 = Debug|Any CPU
		{C0000BD5-E7DF-4594-95D4-7951905D00AD}.Release|Any CPU.ActiveCfg = Release|Any CPU
		{C0000BD5-E7DF-4594-95D4-7951905D00AD}.Release|Any CPU.Build.0 = Release|Any CPU
		{C0000BD5-E7DF-4594-95D4-7951905D00AD}.Release|x64.ActiveCfg = Release|Any CPU
		{C0000BD5-E7DF-4594-95D4-7951905D00AD}.Release|x64.Build.0 = Release|Any CPU
		{C0000BD5-E7DF-4594-95D4-7951905D00AD}.Release|x86.ActiveCfg = Release|Any CPU
		{C0000BD5-E7DF-4594-95D4-7951905D00AD}.Release|x86.Build.0 = Release|Any CPU
	EndGlobalSection
	GlobalSection(SolutionProperties) = preSolution
		HideSolutionNode = FALSE
	EndGlobalSection
	GlobalSection(NestedProjects) = preSolution
		{455A231A-1941-4B00-88D7-3B03B92AB567} = {827E0CD3-B72D-47B6-A68D-7590B98EB39B}
		{EDB17465-B8B2-4065-B756-97C65A5811E2} = {827E0CD3-B72D-47B6-A68D-7590B98EB39B}
		{69B4139D-AC1D-484B-8BCC-6EA2CB97550B} = {827E0CD3-B72D-47B6-A68D-7590B98EB39B}
		{3FA58397-422C-4EF9-B877-18797AB2B0A6} = {827E0CD3-B72D-47B6-A68D-7590B98EB39B}
		{53506FF3-1087-91DB-5731-19A6F3C92276} = {0AB3BF05-4346-4AA6-1389-037BE0695223}
		{8A33E53B-659C-4A36-B515-E52E4C659048} = {53506FF3-1087-91DB-5731-19A6F3C92276}
		{36397C87-55D1-42ED-A864-6D7E9637AC53} = {53506FF3-1087-91DB-5731-19A6F3C92276}
		{892B202A-14F0-4295-9910-8CFB68B4F2BC} = {53506FF3-1087-91DB-5731-19A6F3C92276}
		{C0000BD5-E7DF-4594-95D4-7951905D00AD} = {53506FF3-1087-91DB-5731-19A6F3C92276}
	EndGlobalSection
EndGlobal
